
Microsoft Visual Studio Solution File, Format Version 12.00
# Visual Studio 14
VisualStudioVersion = 14.0.24720.0
MinimumVisualStudioVersion = 10.0.40219.1
Project("{FAE04EC0-301F-11D3-BF4B-00C04F79EFBC}") = "Navigator.iOS", "iOS\Navigator.iOS.csproj", "{A99B53C8-560E-40C5-860F-FD70193DC957}"
EndProject
Project("{FAE04EC0-301F-11D3-BF4B-00C04F79EFBC}") = "Navigator.Droid", "Droid\Navigator.Droid.csproj", "{547673AB-0627-459E-BDDA-C47774E07969}"
	ProjectSection(ProjectDependencies) = postProject
		{9D543BE7-9B91-413E-8E6E-6169A62B4138} = {9D543BE7-9B91-413E-8E6E-6169A62B4138}
	EndProjectSection
EndProject
Project("{FAE04EC0-301F-11D3-BF4B-00C04F79EFBC}") = "Navigator", "Navigator\Navigator.csproj", "{9D543BE7-9B91-413E-8E6E-6169A62B4138}"
EndProject
Global
	GlobalSection(SolutionConfigurationPlatforms) = preSolution
		Debug|Any CPU = Debug|Any CPU
		Debug|iPhone = Debug|iPhone
		Debug|iPhoneSimulator = Debug|iPhoneSimulator
		Release|Any CPU = Release|Any CPU
		Release|iPhone = Release|iPhone
		Release|iPhoneSimulator = Release|iPhoneSimulator
	EndGlobalSection
	GlobalSection(ProjectConfigurationPlatforms) = postSolution
		{A99B53C8-560E-40C5-860F-FD70193DC957}.Debug|Any CPU.ActiveCfg = Debug|iPhoneSimulator
		{A99B53C8-560E-40C5-860F-FD70193DC957}.Debug|Any CPU.Build.0 = Debug|iPhoneSimulator
		{A99B53C8-560E-40C5-860F-FD70193DC957}.Debug|iPhone.ActiveCfg = Debug|iPhone
		{A99B53C8-560E-40C5-860F-FD70193DC957}.Debug|iPhone.Build.0 = Debug|iPhone
		{A99B53C8-560E-40C5-860F-FD70193DC957}.Debug|iPhoneSimulator.ActiveCfg = Debug|iPhoneSimulator
		{A99B53C8-560E-40C5-860F-FD70193DC957}.Debug|iPhoneSimulator.Build.0 = Debug|iPhoneSimulator
		{A99B53C8-560E-40C5-860F-FD70193DC957}.Release|Any CPU.ActiveCfg = Release|iPhone
		{A99B53C8-560E-40C5-860F-FD70193DC957}.Release|Any CPU.Build.0 = Release|iPhone
		{A99B53C8-560E-40C5-860F-FD70193DC957}.Release|iPhone.ActiveCfg = Release|iPhone
		{A99B53C8-560E-40C5-860F-FD70193DC957}.Release|iPhone.Build.0 = Release|iPhone
		{A99B53C8-560E-40C5-860F-FD70193DC957}.Release|iPhoneSimulator.ActiveCfg = Release|iPhoneSimulator
		{A99B53C8-560E-40C5-860F-FD70193DC957}.Release|iPhoneSimulator.Build.0 = Release|iPhoneSimulator
		{547673AB-0627-459E-BDDA-C47774E07969}.Debug|Any CPU.ActiveCfg = Debug|Any CPU
		{547673AB-0627-459E-BDDA-C47774E07969}.Debug|Any CPU.Build.0 = Debug|Any CPU
		{547673AB-0627-459E-BDDA-C47774E07969}.Debug|Any CPU.Deploy.0 = Debug|Any CPU
		{547673AB-0627-459E-BDDA-C47774E07969}.Debug|iPhone.ActiveCfg = Debug|Any CPU
		{547673AB-0627-459E-BDDA-C47774E07969}.Debug|iPhone.Build.0 = Debug|Any CPU
		{547673AB-0627-459E-BDDA-C47774E07969}.Debug|iPhoneSimulator.ActiveCfg = Debug|Any CPU
		{547673AB-0627-459E-BDDA-C47774E07969}.Debug|iPhoneSimulator.Build.0 = Debug|Any CPU
		{547673AB-0627-459E-BDDA-C47774E07969}.Release|Any CPU.ActiveCfg = Release|Any CPU
		{547673AB-0627-459E-BDDA-C47774E07969}.Release|Any CPU.Build.0 = Release|Any CPU
		{547673AB-0627-459E-BDDA-C47774E07969}.Release|Any CPU.Deploy.0 = Release|Any CPU
		{547673AB-0627-459E-BDDA-C47774E07969}.Release|iPhone.ActiveCfg = Release|Any CPU
		{547673AB-0627-459E-BDDA-C47774E07969}.Release|iPhone.Build.0 = Release|Any CPU
		{547673AB-0627-459E-BDDA-C47774E07969}.Release|iPhoneSimulator.ActiveCfg = Release|Any CPU
		{547673AB-0627-459E-BDDA-C47774E07969}.Release|iPhoneSimulator.Build.0 = Release|Any CPU
		{9D543BE7-9B91-413E-8E6E-6169A62B4138}.Debug|Any CPU.ActiveCfg = Debug|Any CPU
		{9D543BE7-9B91-413E-8E6E-6169A62B4138}.Debug|Any CPU.Build.0 = Debug|Any CPU
		{9D543BE7-9B91-413E-8E6E-6169A62B4138}.Debug|iPhone.ActiveCfg = Debug|Any CPU
		{9D543BE7-9B91-413E-8E6E-6169A62B4138}.Debug|iPhone.Build.0 = Debug|Any CPU
		{9D543BE7-9B91-413E-8E6E-6169A62B4138}.Debug|iPhoneSimulator.ActiveCfg = Debug|Any CPU
		{9D543BE7-9B91-413E-8E6E-6169A62B4138}.Debug|iPhoneSimulator.Build.0 = Debug|Any CPU
		{9D543BE7-9B91-413E-8E6E-6169A62B4138}.Release|Any CPU.ActiveCfg = Release|Any CPU
		{9D543BE7-9B91-413E-8E6E-6169A62B4138}.Release|Any CPU.Build.0 = Release|Any CPU
		{9D543BE7-9B91-413E-8E6E-6169A62B4138}.Release|iPhone.ActiveCfg = Release|Any CPU
		{9D543BE7-9B91-413E-8E6E-6169A62B4138}.Release|iPhone.Build.0 = Release|Any CPU
		{9D543BE7-9B91-413E-8E6E-6169A62B4138}.Release|iPhoneSimulator.ActiveCfg = Release|Any CPU
		{9D543BE7-9B91-413E-8E6E-6169A62B4138}.Release|iPhoneSimulator.Build.0 = Release|Any CPU
	EndGlobalSection
	GlobalSection(SolutionProperties) = preSolution
		HideSolutionNode = FALSE
	EndGlobalSection
	GlobalSection(MonoDevelopProperties) = preSolution
		Policies = $0
		$0.NameConventionPolicy = $1
		$1.Rules = $2
		$2.NamingRule = $22
		$3.Name = Namespaces
		$3.AffectedEntity = Namespace
		$3.VisibilityMask = VisibilityMask
		$3.NamingStyle = PascalCase
		$3.IncludeInstanceMembers = True
		$3.IncludeStaticEntities = True
		$4.Name = Types
		$4.AffectedEntity = Class, Struct, Enum, Delegate
		$4.VisibilityMask = Public
		$4.NamingStyle = PascalCase
		$4.IncludeInstanceMembers = True
		$4.IncludeStaticEntities = True
		$5.Name = Interfaces
		$5.RequiredPrefixes = $6
		$6.String = I
		$5.AffectedEntity = Interface
		$5.VisibilityMask = Public
		$5.NamingStyle = PascalCase
		$5.IncludeInstanceMembers = True
		$5.IncludeStaticEntities = True
		$7.Name = Attributes
		$7.RequiredSuffixes = $8
		$8.String = Attribute
		$7.AffectedEntity = CustomAttributes
		$7.VisibilityMask = Public
		$7.NamingStyle = PascalCase
		$7.IncludeInstanceMembers = True
		$7.IncludeStaticEntities = True
		$9.Name = Event Arguments
		$9.RequiredSuffixes = $10
		$10.String = EventArgs
		$9.AffectedEntity = CustomEventArgs
		$9.VisibilityMask = Public
		$9.NamingStyle = PascalCase
		$9.IncludeInstanceMembers = True
		$9.IncludeStaticEntities = True
		$11.Name = Exceptions
		$11.RequiredSuffixes = $12
		$12.String = Exception
		$11.AffectedEntity = CustomExceptions
		$11.VisibilityMask = VisibilityMask
		$11.NamingStyle = PascalCase
		$11.IncludeInstanceMembers = True
		$11.IncludeStaticEntities = True
		$13.Name = Methods
		$13.AffectedEntity = Methods
		$13.VisibilityMask = Protected, Public
		$13.NamingStyle = PascalCase
		$13.IncludeInstanceMembers = True
		$13.IncludeStaticEntities = True
		$14.Name = Static Readonly Fields
		$14.AffectedEntity = ReadonlyField
		$14.VisibilityMask = Protected, Public
		$14.NamingStyle = PascalCase
		$14.IncludeInstanceMembers = False
		$14.IncludeStaticEntities = True
		$15.Name = Fields
		$15.AffectedEntity = Field
		$15.VisibilityMask = Protected, Public
		$15.NamingStyle = PascalCase
		$15.IncludeInstanceMembers = True
		$15.IncludeStaticEntities = True
		$16.Name = ReadOnly Fields
		$16.AffectedEntity = ReadonlyField
		$16.VisibilityMask = Protected, Public
		$16.NamingStyle = PascalCase
		$16.IncludeInstanceMembers = True
		$16.IncludeStaticEntities = False
		$17.Name = Constant Fields
		$17.AffectedEntity = ConstantField
		$17.VisibilityMask = Protected, Public
		$17.NamingStyle = PascalCase
		$17.IncludeInstanceMembers = True
		$17.IncludeStaticEntities = True
		$18.Name = Properties
		$18.AffectedEntity = Property
		$18.VisibilityMask = Protected, Public
		$18.NamingStyle = PascalCase
		$18.IncludeInstanceMembers = True
		$18.IncludeStaticEntities = True
		$19.Name = Events
		$19.AffectedEntity = Event
		$19.VisibilityMask = Protected, Public
		$19.NamingStyle = PascalCase
		$19.IncludeInstanceMembers = True
		$19.IncludeStaticEntities = True
		$20.Name = Enum Members
		$20.AffectedEntity = EnumMember
		$20.VisibilityMask = VisibilityMask
		$20.NamingStyle = PascalCase
		$20.IncludeInstanceMembers = True
		$20.IncludeStaticEntities = True
		$21.Name = Parameters
		$21.AffectedEntity = Parameter
		$21.VisibilityMask = VisibilityMask
		$21.NamingStyle = CamelCase
		$21.IncludeInstanceMembers = True
		$21.IncludeStaticEntities = True
		$22.Name = Type Parameters
		$22.RequiredPrefixes = $23
		$23.String = T
		$22.AffectedEntity = TypeParameter
		$22.VisibilityMask = VisibilityMask
		$22.NamingStyle = PascalCase
		$22.IncludeInstanceMembers = True
		$22.IncludeStaticEntities = True
	EndGlobalSection
EndGlobal
